// !$*UTF8*$!
{
	archiveVersion = 1;
	classes = {
	};
	objectVersion = 50;
	objects = {

/* Begin PBXBuildFile section */
		FC88C1FB249D137E0098BE27 /* ViewController.swift in Sources */ = {isa = PBXBuildFile; fileRef = FC88C1FA249D137E0098BE27 /* ViewController.swift */; };
		FC88C1FE249D137E0098BE27 /* Main.storyboard in Resources */ = {isa = PBXBuildFile; fileRef = FC88C1FC249D137E0098BE27 /* Main.storyboard */; };
		FC88C200249D137F0098BE27 /* Assets.xcassets in Resources */ = {isa = PBXBuildFile; fileRef = FC88C1FF249D137F0098BE27 /* Assets.xcassets */; };
		FC88C20E249D13800098BE27 /* GuruSearchTests.swift in Sources */ = {isa = PBXBuildFile; fileRef = FC88C20D249D13800098BE27 /* GuruSearchTests.swift */; };
		FC88C219249D13800098BE27 /* GuruSearchUITests.swift in Sources */ = {isa = PBXBuildFile; fileRef = FC88C218249D13800098BE27 /* GuruSearchUITests.swift */; };
		FC88C22B249D18B40098BE27 /* LaunchScreen.storyboard in Resources */ = {isa = PBXBuildFile; fileRef = FC88C228249D18B40098BE27 /* LaunchScreen.storyboard */; };
		FC88C22C249D18B40098BE27 /* AppDelegate.swift in Sources */ = {isa = PBXBuildFile; fileRef = FC88C229249D18B40098BE27 /* AppDelegate.swift */; };
/* End PBXBuildFile section */

/* Begin PBXContainerItemProxy section */
		FC88C20A249D13800098BE27 /* PBXContainerItemProxy */ = {
			isa = PBXContainerItemProxy;
			containerPortal = FC88C1EB249D137E0098BE27 /* Project object */;
			proxyType = 1;
			remoteGlobalIDString = FC88C1F2249D137E0098BE27;
			remoteInfo = GuruSearch;
		};
		FC88C215249D13800098BE27 /* PBXContainerItemProxy */ = {
			isa = PBXContainerItemProxy;
			containerPortal = FC88C1EB249D137E0098BE27 /* Project object */;
			proxyType = 1;
			remoteGlobalIDString = FC88C1F2249D137E0098BE27;
			remoteInfo = GuruSearch;
		};
/* End PBXContainerItemProxy section */

/* Begin PBXFileReference section */
		FC88C1F3249D137E0098BE27 /* GuruSearch.app */ = {isa = PBXFileReference; explicitFileType = wrapper.application; includeInIndex = 0; path = GuruSearch.app; sourceTree = BUILT_PRODUCTS_DIR; };
		FC88C1FA249D137E0098BE27 /* ViewController.swift */ = {isa = PBXFileReference; lastKnownFileType = sourcecode.swift; path = ViewController.swift; sourceTree = "<group>"; };
		FC88C1FD249D137E0098BE27 /* Base */ = {isa = PBXFileReference; lastKnownFileType = file.storyboard; name = Base; path = Base.lproj/Main.storyboard; sourceTree = "<group>"; };
		FC88C1FF249D137F0098BE27 /* Assets.xcassets */ = {isa = PBXFileReference; lastKnownFileType = folder.assetcatalog; path = Assets.xcassets; sourceTree = "<group>"; };
		FC88C209249D13800098BE27 /* GuruSearchTests.xctest */ = {isa = PBXFileReference; explicitFileType = wrapper.cfbundle; includeInIndex = 0; path = GuruSearchTests.xctest; sourceTree = BUILT_PRODUCTS_DIR; };
		FC88C20D249D13800098BE27 /* GuruSearchTests.swift */ = {isa = PBXFileReference; lastKnownFileType = sourcecode.swift; path = GuruSearchTests.swift; sourceTree = "<group>"; };
		FC88C20F249D13800098BE27 /* Info.plist */ = {isa = PBXFileReference; lastKnownFileType = text.plist.xml; path = Info.plist; sourceTree = "<group>"; };
		FC88C214249D13800098BE27 /* GuruSearchUITests.xctest */ = {isa = PBXFileReference; explicitFileType = wrapper.cfbundle; includeInIndex = 0; path = GuruSearchUITests.xctest; sourceTree = BUILT_PRODUCTS_DIR; };
		FC88C218249D13800098BE27 /* GuruSearchUITests.swift */ = {isa = PBXFileReference; lastKnownFileType = sourcecode.swift; path = GuruSearchUITests.swift; sourceTree = "<group>"; };
		FC88C21A249D13800098BE27 /* Info.plist */ = {isa = PBXFileReference; lastKnownFileType = text.plist.xml; path = Info.plist; sourceTree = "<group>"; };
		FC88C228249D18B40098BE27 /* LaunchScreen.storyboard */ = {isa = PBXFileReference; fileEncoding = 4; lastKnownFileType = file.storyboard; path = LaunchScreen.storyboard; sourceTree = "<group>"; };
		FC88C229249D18B40098BE27 /* AppDelegate.swift */ = {isa = PBXFileReference; fileEncoding = 4; lastKnownFileType = sourcecode.swift; path = AppDelegate.swift; sourceTree = "<group>"; };
		FC88C22A249D18B40098BE27 /* Info.plist */ = {isa = PBXFileReference; fileEncoding = 4; lastKnownFileType = text.plist.xml; path = Info.plist; sourceTree = "<group>"; };
/* End PBXFileReference section */

/* Begin PBXFrameworksBuildPhase section */
		FC88C1F0249D137E0098BE27 /* Frameworks */ = {
			isa = PBXFrameworksBuildPhase;
			buildActionMask = 2147483647;
			files = (
			);
			runOnlyForDeploymentPostprocessing = 0;
		};
		FC88C206249D13800098BE27 /* Frameworks */ = {
			isa = PBXFrameworksBuildPhase;
			buildActionMask = 2147483647;
			files = (
			);
			runOnlyForDeploymentPostprocessing = 0;
		};
		FC88C211249D13800098BE27 /* Frameworks */ = {
			isa = PBXFrameworksBuildPhase;
			buildActionMask = 2147483647;
			files = (
			);
			runOnlyForDeploymentPostprocessing = 0;
		};
/* End PBXFrameworksBuildPhase section */

/* Begin PBXGroup section */
		FC88C1EA249D137E0098BE27 = {
			isa = PBXGroup;
			children = (
				FC88C1F5249D137E0098BE27 /* GuruSearch */,
				FC88C20C249D13800098BE27 /* GuruSearchTests */,
				FC88C217249D13800098BE27 /* GuruSearchUITests */,
				FC88C1F4249D137E0098BE27 /* Products */,
			);
			sourceTree = "<group>";
		};
		FC88C1F4249D137E0098BE27 /* Products */ = {
			isa = PBXGroup;
			children = (
				FC88C1F3249D137E0098BE27 /* GuruSearch.app */,
				FC88C209249D13800098BE27 /* GuruSearchTests.xctest */,
				FC88C214249D13800098BE27 /* GuruSearchUITests.xctest */,
			);
			name = Products;
			sourceTree = "<group>";
		};
		FC88C1F5249D137E0098BE27 /* GuruSearch */ = {
			isa = PBXGroup;
			children = (
				FC88C22F249D197A0098BE27 /* Modules */,
				FC88C227249D18B40098BE27 /* Application */,
				FC88C1FA249D137E0098BE27 /* ViewController.swift */,
				FC88C1FC249D137E0098BE27 /* Main.storyboard */,
			);
			path = GuruSearch;
			sourceTree = "<group>";
		};
		FC88C20C249D13800098BE27 /* GuruSearchTests */ = {
			isa = PBXGroup;
			children = (
				FC88C20D249D13800098BE27 /* GuruSearchTests.swift */,
				FC88C20F249D13800098BE27 /* Info.plist */,
			);
			path = GuruSearchTests;
			sourceTree = "<group>";
		};
		FC88C217249D13800098BE27 /* GuruSearchUITests */ = {
			isa = PBXGroup;
			children = (
				FC88C218249D13800098BE27 /* GuruSearchUITests.swift */,
				FC88C21A249D13800098BE27 /* Info.plist */,
			);
			path = GuruSearchUITests;
			sourceTree = "<group>";
		};
		FC88C227249D18B40098BE27 /* Application */ = {
			isa = PBXGroup;
			children = (
				FC88C22E249D191F0098BE27 /* Resources */,
				FC88C228249D18B40098BE27 /* LaunchScreen.storyboard */,
				FC88C229249D18B40098BE27 /* AppDelegate.swift */,
				FC88C22A249D18B40098BE27 /* Info.plist */,
			);
			path = Application;
			sourceTree = "<group>";
		};
		FC88C22E249D191F0098BE27 /* Resources */ = {
			isa = PBXGroup;
			children = (
				FC88C1FF249D137F0098BE27 /* Assets.xcassets */,
			);
			path = Resources;
			sourceTree = "<group>";
		};
		FC88C22F249D197A0098BE27 /* Modules */ = {
			isa = PBXGroup;
			children = (
			);
			path = Modules;
			sourceTree = "<group>";
		};
/* End PBXGroup section */

/* Begin PBXNativeTarget section */
		FC88C1F2249D137E0098BE27 /* GuruSearch */ = {
			isa = PBXNativeTarget;
			buildConfigurationList = FC88C21D249D13800098BE27 /* Build configuration list for PBXNativeTarget "GuruSearch" */;
			buildPhases = (
				FC88C1EF249D137E0098BE27 /* Sources */,
				FC88C1F0249D137E0098BE27 /* Frameworks */,
				FC88C1F1249D137E0098BE27 /* Resources */,
			);
			buildRules = (
			);
			dependencies = (
			);
			name = GuruSearch;
			productName = GuruSearch;
			productReference = FC88C1F3249D137E0098BE27 /* GuruSearch.app */;
			productType = "com.apple.product-type.application";
		};
		FC88C208249D13800098BE27 /* GuruSearchTests */ = {
			isa = PBXNativeTarget;
			buildConfigurationList = FC88C220249D13800098BE27 /* Build configuration list for PBXNativeTarget "GuruSearchTests" */;
			buildPhases = (
				FC88C205249D13800098BE27 /* Sources */,
				FC88C206249D13800098BE27 /* Frameworks */,
				FC88C207249D13800098BE27 /* Resources */,
			);
			buildRules = (
			);
			dependencies = (
				FC88C20B249D13800098BE27 /* PBXTargetDependency */,
			);
			name = GuruSearchTests;
			productName = GuruSearchTests;
			productReference = FC88C209249D13800098BE27 /* GuruSearchTests.xctest */;
			productType = "com.apple.product-type.bundle.unit-test";
		};
		FC88C213249D13800098BE27 /* GuruSearchUITests */ = {
			isa = PBXNativeTarget;
			buildConfigurationList = FC88C223249D13800098BE27 /* Build configuration list for PBXNativeTarget "GuruSearchUITests" */;
			buildPhases = (
				FC88C210249D13800098BE27 /* Sources */,
				FC88C211249D13800098BE27 /* Frameworks */,
				FC88C212249D13800098BE27 /* Resources */,
			);
			buildRules = (
			);
			dependencies = (
				FC88C216249D13800098BE27 /* PBXTargetDependency */,
			);
			name = GuruSearchUITests;
			productName = GuruSearchUITests;
			productReference = FC88C214249D13800098BE27 /* GuruSearchUITests.xctest */;
			productType = "com.apple.product-type.bundle.ui-testing";
		};
/* End PBXNativeTarget section */

/* Begin PBXProject section */
		FC88C1EB249D137E0098BE27 /* Project object */ = {
			isa = PBXProject;
			attributes = {
				LastSwiftUpdateCheck = 1150;
				LastUpgradeCheck = 1150;
				ORGANIZATIONNAME = yuoku;
				TargetAttributes = {
					FC88C1F2249D137E0098BE27 = {
						CreatedOnToolsVersion = 11.5;
					};
					FC88C208249D13800098BE27 = {
						CreatedOnToolsVersion = 11.5;
						TestTargetID = FC88C1F2249D137E0098BE27;
					};
					FC88C213249D13800098BE27 = {
						CreatedOnToolsVersion = 11.5;
						TestTargetID = FC88C1F2249D137E0098BE27;
					};
				};
			};
			buildConfigurationList = FC88C1EE249D137E0098BE27 /* Build configuration list for PBXProject "GuruSearch" */;
			compatibilityVersion = "Xcode 9.3";
			developmentRegion = en;
			hasScannedForEncodings = 0;
			knownRegions = (
				en,
				Base,
			);
			mainGroup = FC88C1EA249D137E0098BE27;
			productRefGroup = FC88C1F4249D137E0098BE27 /* Products */;
			projectDirPath = "";
			projectRoot = "";
			targets = (
				FC88C1F2249D137E0098BE27 /* GuruSearch */,
				FC88C208249D13800098BE27 /* GuruSearchTests */,
				FC88C213249D13800098BE27 /* GuruSearchUITests */,
			);
		};
/* End PBXProject section */

/* Begin PBXResourcesBuildPhase section */
		FC88C1F1249D137E0098BE27 /* Resources */ = {
			isa = PBXResourcesBuildPhase;
			buildActionMask = 2147483647;
			files = (
				FC88C22B249D18B40098BE27 /* LaunchScreen.storyboard in Resources */,
				FC88C200249D137F0098BE27 /* Assets.xcassets in Resources */,
				FC88C1FE249D137E0098BE27 /* Main.storyboard in Resources */,
			);
			runOnlyForDeploymentPostprocessing = 0;
		};
		FC88C207249D13800098BE27 /* Resources */ = {
			isa = PBXResourcesBuildPhase;
			buildActionMask = 2147483647;
			files = (
			);
			runOnlyForDeploymentPostprocessing = 0;
		};
		FC88C212249D13800098BE27 /* Resources */ = {
			isa = PBXResourcesBuildPhase;
			buildActionMask = 2147483647;
			files = (
			);
			runOnlyForDeploymentPostprocessing = 0;
		};
/* End PBXResourcesBuildPhase section */

/* Begin PBXSourcesBuildPhase section */
		FC88C1EF249D137E0098BE27 /* Sources */ = {
			isa = PBXSourcesBuildPhase;
			buildActionMask = 2147483647;
			files = (
				FC88C22C249D18B40098BE27 /* AppDelegate.swift in Sources */,
				FC88C1FB249D137E0098BE27 /* ViewController.swift in Sources */,
			);
			runOnlyForDeploymentPostprocessing = 0;
		};
		FC88C205249D13800098BE27 /* Sources */ = {
			isa = PBXSourcesBuildPhase;
			buildActionMask = 2147483647;
			files = (
				FC88C20E249D13800098BE27 /* GuruSearchTests.swift in Sources */,
			);
			runOnlyForDeploymentPostprocessing = 0;
		};
		FC88C210249D13800098BE27 /* Sources */ = {
			isa = PBXSourcesBuildPhase;
			buildActionMask = 2147483647;
			files = (
				FC88C219249D13800098BE27 /* GuruSearchUITests.swift in Sources */,
			);
			runOnlyForDeploymentPostprocessing = 0;
		};
/* End PBXSourcesBuildPhase section */

/* Begin PBXTargetDependency section */
		FC88C20B249D13800098BE27 /* PBXTargetDependency */ = {
			isa = PBXTargetDependency;
			target = FC88C1F2249D137E0098BE27 /* GuruSearch */;
			targetProxy = FC88C20A249D13800098BE27 /* PBXContainerItemProxy */;
		};
		FC88C216249D13800098BE27 /* PBXTargetDependency */ = {
			isa = PBXTargetDependency;
			target = FC88C1F2249D137E0098BE27 /* GuruSearch */;
			targetProxy = FC88C215249D13800098BE27 /* PBXContainerItemProxy */;
		};
/* End PBXTargetDependency section */

/* Begin PBXVariantGroup section */
		FC88C1FC249D137E0098BE27 /* Main.storyboard */ = {
			isa = PBXVariantGroup;
			children = (
				FC88C1FD249D137E0098BE27 /* Base */,
			);
			name = Main.storyboard;
			sourceTree = "<group>";
		};
/* End PBXVariantGroup section */

/* Begin XCBuildConfiguration section */
		FC88C21B249D13800098BE27 /* Debug */ = {
			isa = XCBuildConfiguration;
			buildSettings = {
				ALWAYS_SEARCH_USER_PATHS = NO;
				CLANG_ANALYZER_NONNULL = YES;
				CLANG_ANALYZER_NUMBER_OBJECT_CONVERSION = YES_AGGRESSIVE;
				CLANG_CXX_LANGUAGE_STANDARD = "gnu++14";
				CLANG_CXX_LIBRARY = "libc++";
				CLANG_ENABLE_MODULES = YES;
				CLANG_ENABLE_OBJC_ARC = YES;
				CLANG_ENABLE_OBJC_WEAK = YES;
				CLANG_WARN_BLOCK_CAPTURE_AUTORELEASING = YES;
				CLANG_WARN_BOOL_CONVERSION = YES;
				CLANG_WARN_COMMA = YES;
				CLANG_WARN_CONSTANT_CONVERSION = YES;
				CLANG_WARN_DEPRECATED_OBJC_IMPLEMENTATIONS = YES;
				CLANG_WARN_DIRECT_OBJC_ISA_USAGE = YES_ERROR;
				CLANG_WARN_DOCUMENTATION_COMMENTS = YES;
				CLANG_WARN_EMPTY_BODY = YES;
				CLANG_WARN_ENUM_CONVERSION = YES;
				CLANG_WARN_INFINITE_RECURSION = YES;
				CLANG_WARN_INT_CONVERSION = YES;
				CLANG_WARN_NON_LITERAL_NULL_CONVERSION = YES;
				CLANG_WARN_OBJC_IMPLICIT_RETAIN_SELF = YES;
				CLANG_WARN_OBJC_LITERAL_CONVERSION = YES;
				CLANG_WARN_OBJC_ROOT_CLASS = YES_ERROR;
				CLANG_WARN_RANGE_LOOP_ANALYSIS = YES;
				CLANG_WARN_STRICT_PROTOTYPES = YES;
				CLANG_WARN_SUSPICIOUS_MOVE = YES;
				CLANG_WARN_UNGUARDED_AVAILABILITY = YES_AGGRESSIVE;
				CLANG_WARN_UNREACHABLE_CODE = YES;
				CLANG_WARN__DUPLICATE_METHOD_MATCH = YES;
				COPY_PHASE_STRIP = NO;
				DEBUG_INFORMATION_FORMAT = dwarf;
				ENABLE_STRICT_OBJC_MSGSEND = YES;
				ENABLE_TESTABILITY = YES;
				GCC_C_LANGUAGE_STANDARD = gnu11;
				GCC_DYNAMIC_NO_PIC = NO;
				GCC_NO_COMMON_BLOCKS = YES;
				GCC_OPTIMIZATION_LEVEL = 0;
				GCC_PREPROCESSOR_DEFINITIONS = (
					"DEBUG=1",
					"$(inherited)",
				);
				GCC_WARN_64_TO_32_BIT_CONVERSION = YES;
				GCC_WARN_ABOUT_RETURN_TYPE = YES_ERROR;
				GCC_WARN_UNDECLARED_SELECTOR = YES;
				GCC_WARN_UNINITIALIZED_AUTOS = YES_AGGRESSIVE;
				GCC_WARN_UNUSED_FUNCTION = YES;
				GCC_WARN_UNUSED_VARIABLE = YES;
				IPHONEOS_DEPLOYMENT_TARGET = 11.0;
				MTL_ENABLE_DEBUG_INFO = INCLUDE_SOURCE;
				MTL_FAST_MATH = YES;
				ONLY_ACTIVE_ARCH = YES;
				SDKROOT = iphoneos;
				SWIFT_ACTIVE_COMPILATION_CONDITIONS = DEBUG;
				SWIFT_OPTIMIZATION_LEVEL = "-Onone";
			};
			name = Debug;
		};
		FC88C21C249D13800098BE27 /* Release */ = {
			isa = XCBuildConfiguration;
			buildSettings = {
				ALWAYS_SEARCH_USER_PATHS = NO;
				CLANG_ANALYZER_NONNULL = YES;
				CLANG_ANALYZER_NUMBER_OBJECT_CONVERSION = YES_AGGRESSIVE;
				CLANG_CXX_LANGUAGE_STANDARD = "gnu++14";
				CLANG_CXX_LIBRARY = "libc++";
				CLANG_ENABLE_MODULES = YES;
				CLANG_ENABLE_OBJC_ARC = YES;
				CLANG_ENABLE_OBJC_WEAK = YES;
				CLANG_WARN_BLOCK_CAPTURE_AUTORELEASING = YES;
				CLANG_WARN_BOOL_CONVERSION = YES;
				CLANG_WARN_COMMA = YES;
				CLANG_WARN_CONSTANT_CONVERSION = YES;
				CLANG_WARN_DEPRECATED_OBJC_IMPLEMENTATIONS = YES;
				CLANG_WARN_DIRECT_OBJC_ISA_USAGE = YES_ERROR;
				CLANG_WARN_DOCUMENTATION_COMMENTS = YES;
				CLANG_WARN_EMPTY_BODY = YES;
				CLANG_WARN_ENUM_CONVERSION = YES;
				CLANG_WARN_INFINITE_RECURSION = YES;
				CLANG_WARN_INT_CONVERSION = YES;
				CLANG_WARN_NON_LITERAL_NULL_CONVERSION = YES;
				CLANG_WARN_OBJC_IMPLICIT_RETAIN_SELF = YES;
				CLANG_WARN_OBJC_LITERAL_CONVERSION = YES;
				CLANG_WARN_OBJC_ROOT_CLASS = YES_ERROR;
				CLANG_WARN_RANGE_LOOP_ANALYSIS = YES;
				CLANG_WARN_STRICT_PROTOTYPES = YES;
				CLANG_WARN_SUSPICIOUS_MOVE = YES;
				CLANG_WARN_UNGUARDED_AVAILABILITY = YES_AGGRESSIVE;
				CLANG_WARN_UNREACHABLE_CODE = YES;
				CLANG_WARN__DUPLICATE_METHOD_MATCH = YES;
				COPY_PHASE_STRIP = NO;
				DEBUG_INFORMATION_FORMAT = "dwarf-with-dsym";
				ENABLE_NS_ASSERTIONS = NO;
				ENABLE_STRICT_OBJC_MSGSEND = YES;
				GCC_C_LANGUAGE_STANDARD = gnu11;
				GCC_NO_COMMON_BLOCKS = YES;
				GCC_WARN_64_TO_32_BIT_CONVERSION = YES;
				GCC_WARN_ABOUT_RETURN_TYPE = YES_ERROR;
				GCC_WARN_UNDECLARED_SELECTOR = YES;
				GCC_WARN_UNINITIALIZED_AUTOS = YES_AGGRESSIVE;
				GCC_WARN_UNUSED_FUNCTION = YES;
				GCC_WARN_UNUSED_VARIABLE = YES;
				IPHONEOS_DEPLOYMENT_TARGET = 11.0;
				MTL_ENABLE_DEBUG_INFO = NO;
				MTL_FAST_MATH = YES;
				SDKROOT = iphoneos;
				SWIFT_COMPILATION_MODE = wholemodule;
				SWIFT_OPTIMIZATION_LEVEL = "-O";
				VALIDATE_PRODUCT = YES;
			};
			name = Release;
		};
		FC88C21E249D13800098BE27 /* Debug */ = {
			isa = XCBuildConfiguration;
			buildSettings = {
				ASSETCATALOG_COMPILER_APPICON_NAME = AppIcon;
				CODE_SIGN_STYLE = Automatic;
				DEVELOPMENT_TEAM = B8PR34D6DP;
				INFOPLIST_FILE = GuruSearch/Application/Info.plist;
				IPHONEOS_DEPLOYMENT_TARGET = 11.0;
				LD_RUNPATH_SEARCH_PATHS = (
					"$(inherited)",
					"@executable_path/Frameworks",
				);
				PRODUCT_BUNDLE_IDENTIFIER = jp.yuoku.GuruSearch;
				PRODUCT_NAME = "$(TARGET_NAME)";
				SWIFT_VERSION = 5.0;
				TARGETED_DEVICE_FAMILY = "1,2";
			};
			name = Debug;
		};
		FC88C21F249D13800098BE27 /* Release */ = {
			isa = XCBuildConfiguration;
			buildSettings = {
				ASSETCATALOG_COMPILER_APPICON_NAME = AppIcon;
				CODE_SIGN_STYLE = Automatic;
				DEVELOPMENT_TEAM = B8PR34D6DP;
				INFOPLIST_FILE = GuruSearch/Application/Info.plist;
				IPHONEOS_DEPLOYMENT_TARGET = 11.0;
				LD_RUNPATH_SEARCH_PATHS = (
					"$(inherited)",
					"@executable_path/Frameworks",
				);
				PRODUCT_BUNDLE_IDENTIFIER = jp.yuoku.GuruSearch;
				PRODUCT_NAME = "$(TARGET_NAME)";
				SWIFT_VERSION = 5.0;
				TARGETED_DEVICE_FAMILY = "1,2";
			};
			name = Release;
		};
		FC88C221249D13800098BE27 /* Debug */ = {
			isa = XCBuildConfiguration;
			buildSettings = {
				ALWAYS_EMBED_SWIFT_STANDARD_LIBRARIES = YES;
				BUNDLE_LOADER = "$(TEST_HOST)";
				CODE_SIGN_STYLE = Automatic;
				DEVELOPMENT_TEAM = B8PR34D6DP;
				INFOPLIST_FILE = GuruSearchTests/Info.plist;
				IPHONEOS_DEPLOYMENT_TARGET = 13.5;
				LD_RUNPATH_SEARCH_PATHS = (
					"$(inherited)",
					"@executable_path/Frameworks",
					"@loader_path/Frameworks",
				);
				PRODUCT_BUNDLE_IDENTIFIER = jp.yuoku.GuruSearchTests;
				PRODUCT_NAME = "$(TARGET_NAME)";
				SWIFT_VERSION = 5.0;
				TARGETED_DEVICE_FAMILY = "1,2";
				TEST_HOST = "$(BUILT_PRODUCTS_DIR)/GuruSearch.app/GuruSearch";
			};
			name = Debug;
		};
		FC88C222249D13800098BE27 /* Release */ = {
			isa = XCBuildConfiguration;
			buildSettings = {
				ALWAYS_EMBED_SWIFT_STANDARD_LIBRARIES = YES;
				BUNDLE_LOADER = "$(TEST_HOST)";
				CODE_SIGN_STYLE = Automatic;
				DEVELOPMENT_TEAM = B8PR34D6DP;
				INFOPLIST_FILE = GuruSearchTests/Info.plist;
				IPHONEOS_DEPLOYMENT_TARGET = 13.5;
				LD_RUNPATH_SEARCH_PATHS = (
					"$(inherited)",
					"@executable_path/Frameworks",
					"@loader_path/Frameworks",
				);
				PRODUCT_BUNDLE_IDENTIFIER = jp.yuoku.GuruSearchTests;
				PRODUCT_NAME = "$(TARGET_NAME)";
				SWIFT_VERSION = 5.0;
				TARGETED_DEVICE_FAMILY = "1,2";
				TEST_HOST = "$(BUILT_PRODUCTS_DIR)/GuruSearch.app/GuruSearch";
			};
			name = Release;
		};
		FC88C224249D13800098BE27 /* Debug */ = {
			isa = XCBuildConfiguration;
			buildSettings = {
				ALWAYS_EMBED_SWIFT_STANDARD_LIBRARIES = YES;
				CODE_SIGN_STYLE = Automatic;
				DEVELOPMENT_TEAM = B8PR34D6DP;
				INFOPLIST_FILE = GuruSearchUITests/Info.plist;
				LD_RUNPATH_SEARCH_PATHS = (
					"$(inherited)",
					"@executable_path/Frameworks",
					"@loader_path/Frameworks",
				);
				PRODUCT_BUNDLE_IDENTIFIER = jp.yuoku.GuruSearchUITests;
				PRODUCT_NAME = "$(TARGET_NAME)";
				SWIFT_VERSION = 5.0;
				TARGETED_DEVICE_FAMILY = "1,2";
				TEST_TARGET_NAME = GuruSearch;
			};
			name = Debug;
		};
		FC88C225249D13800098BE27 /* Release */ = {
			isa = XCBuildConfiguration;
			buildSettings = {
				ALWAYS_EMBED_SWIFT_STANDARD_LIBRARIES = YES;
				CODE_SIGN_STYLE = Automatic;
				DEVELOPMENT_TEAM = B8PR34D6DP;
				INFOPLIST_FILE = GuruSearchUITests/Info.plist;
				LD_RUNPATH_SEARCH_PATHS = (
					"$(inherited)",
					"@executable_path/Frameworks",
					"@loader_path/Frameworks",
				);
				PRODUCT_BUNDLE_IDENTIFIER = jp.yuoku.GuruSearchUITests;
				PRODUCT_NAME = "$(TARGET_NAME)";
				SWIFT_VERSION = 5.0;
				TARGETED_DEVICE_FAMILY = "1,2";
				TEST_TARGET_NAME = GuruSearch;
			};
			name = Release;
		};
/* End XCBuildConfiguration section */

/* Begin XCConfigurationList section */
		FC88C1EE249D137E0098BE27 /* Build configuration list for PBXProject "GuruSearch" */ = {
			isa = XCConfigurationList;
			buildConfigurations = (
				FC88C21B249D13800098BE27 /* Debug */,
				FC88C21C249D13800098BE27 /* Release */,
			);
			defaultConfigurationIsVisible = 0;
			defaultConfigurationName = Release;
		};
		FC88C21D249D13800098BE27 /* Build configuration list for PBXNativeTarget "GuruSearch" */ = {
			isa = XCConfigurationList;
			buildConfigurations = (
				FC88C21E249D13800098BE27 /* Debug */,
				FC88C21F249D13800098BE27 /* Release */,
			);
			defaultConfigurationIsVisible = 0;
			defaultConfigurationName = Release;
		};
		FC88C220249D13800098BE27 /* Build configuration list for PBXNativeTarget "GuruSearchTests" */ = {
			isa = XCConfigurationList;
			buildConfigurations = (
				FC88C221249D13800098BE27 /* Debug */,
				FC88C222249D13800098BE27 /* Release */,
			);
			defaultConfigurationIsVisible = 0;
			defaultConfigurationName = Release;
		};
		FC88C223249D13800098BE27 /* Build configuration list for PBXNativeTarget "GuruSearchUITests" */ = {
			isa = XCConfigurationList;
			buildConfigurations = (
				FC88C224249D13800098BE27 /* Debug */,
				FC88C225249D13800098BE27 /* Release */,
			);
			defaultConfigurationIsVisible = 0;
			defaultConfigurationName = Release;
		};
/* End XCConfigurationList section */
	};
	rootObject = FC88C1EB249D137E0098BE27 /* Project object */;
}
